
Microsoft Visual Studio Solution File, Format Version 12.00
# Visual Studio Version 16
VisualStudioVersion = 16.0.30503.244
MinimumVisualStudioVersion = 10.0.40219.1
Project("{FAE04EC0-301F-11D3-BF4B-00C04F79EFBC}") = "TechProg", "TechProg\TechProg.csproj", "{F6C1F7F4-E702-4340-A94F-E859503B5568}"
EndProject
Global
	GlobalSection(SolutionConfigurationPlatforms) = preSolution
		Debug|Any CPU = Debug|Any CPU
		Release|Any CPU = Release|Any CPU
	EndGlobalSection
	GlobalSection(ProjectConfigurationPlatforms) = postSolution
		{F6C1F7F4-E702-4340-A94F-E859503B5568}.Debug|Any CPU.ActiveCfg = Debug|Any CPU
		{F6C1F7F4-E702-4340-A94F-E859503B5568}.Debug|Any CPU.Build.0 = Debug|Any CPU
		{F6C1F7F4-E702-4340-A94F-E859503B5568}.Release|Any CPU.ActiveCfg = Release|Any CPU
		{F6C1F7F4-E702-4340-A94F-E859503B5568}.Release|Any CPU.Build.0 = Release|Any CPU
	EndGlobalSection
	GlobalSection(SolutionProperties) = preSolution
		HideSolutionNode = FALSE
	EndGlobalSection
	GlobalSection(ExtensibilityGlobals) = postSolution
		SolutionGuid = {0FDAE926-F702-4342-A3A8-DAE2A4379B86}
	EndGlobalSection
EndGlobal
